PODS:
  - boost-for-react-native (1.63.0)
  - CocoaAsyncSocket (7.6.4)
  - CocoaLibEvent (1.0.0)
  - ComponentKit (0.30):
    - RenderCore (= 0.30)
    - Yoga (~> 1.14)
  - Flipper (0.36.0):
    - Flipper-Folly (~> 2.1)
    - Flipper-RSocket (~> 1.0)
  - Flipper-DoubleConversion (1.1.7)
  - Flipper-Folly (2.1.1):
    - boost-for-react-native
    - CocoaLibEvent (~> 1.0)
    - Flipper-DoubleConversion
    - Flipper-Glog
    - OpenSSL-Universal (= 1.0.2.19)
  - Flipper-Glog (0.3.6)
  - Flipper-PeerTalk (0.0.4)
  - Flipper-RSocket (1.0.0):
    - Flipper-Folly (~> 2.0)
  - FlipperKit (0.36.0):
    - FlipperKit/Core (= 0.36.0)
  - FlipperKit/Core (0.36.0):
    - Flipper (~> 0.36.0)
    - FlipperKit/CppBridge
    - FlipperKit/FBCxxFollyDynamicConvert
    - FlipperKit/FBDefines
    - FlipperKit/FKPortForwarding
  - FlipperKit/CppBridge (0.36.0):
    - Flipper (~> 0.36.0)
  - FlipperKit/FBCxxFollyDynamicConvert (0.36.0):
    - Flipper-Folly (~> 2.1)
  - FlipperKit/FBDefines (0.36.0)
  - FlipperKit/FKPortForwarding (0.36.0):
    - CocoaAsyncSocket (~> 7.6)
    - Flipper-PeerTalk (~> 0.0.4)
  - FlipperKit/FlipperKitHighlightOverlay (0.36.0)
  - FlipperKit/FlipperKitLayoutComponentKitSupport (0.36.0):
    - ComponentKit (~> 0.0)
    - FlipperKit/Core
    - FlipperKit/FlipperKitHighlightOverlay
    - FlipperKit/FlipperKitLayoutPlugin
    - FlipperKit/FlipperKitLayoutTextSearchable
  - FlipperKit/FlipperKitLayoutPlugin (0.36.0):
    - FlipperKit/Core
    - FlipperKit/FlipperKitHighlightOverlay
    - FlipperKit/FlipperKitLayoutTextSearchable
    - YogaKit (~> 1.18)
  - FlipperKit/FlipperKitLayoutTextSearchable (0.36.0)
  - FlipperKit/FlipperKitNetworkPlugin (0.36.0):
    - FlipperKit/Core
  - FlipperKit/FlipperKitUserDefaultsPlugin (0.36.0):
    - FlipperKit/Core
  - FlipperKit/SKIOSNetworkPlugin (0.36.0):
    - FlipperKit/Core
    - FlipperKit/FlipperKitNetworkPlugin
  - Flutter (1.0.0)
  - flutter_flipperkit (0.0.22):
    - FlipperKit (~> 0.36.0)
    - FlipperKit/FlipperKitLayoutComponentKitSupport (~> 0.36.0)
    - FlipperKit/FlipperKitUserDefaultsPlugin (~> 0.36.0)
    - FlipperKit/SKIOSNetworkPlugin (~> 0.36.0)
    - Flutter
  - OpenSSL-Universal (1.0.2.19):
    - OpenSSL-Universal/Static (= 1.0.2.19)
  - OpenSSL-Universal/Static (1.0.2.19)
  - RenderCore (0.30)
  - Yoga (1.14.0)
  - YogaKit (1.18.1):
    - Yoga (~> 1.14)

DEPENDENCIES:
  - Flutter (from `Flutter`)
  - flutter_flipperkit (from `.symlinks/plugins/flutter_flipperkit/ios`)

SPEC REPOS:
  trunk:
    - boost-for-react-native
    - CocoaAsyncSocket
    - CocoaLibEvent
    - ComponentKit
    - Flipper
    - Flipper-DoubleConversion
    - Flipper-Folly
    - Flipper-Glog
    - Flipper-PeerTalk
    - Flipper-RSocket
    - FlipperKit
    - OpenSSL-Universal
    - RenderCore
    - Yoga
    - YogaKit

EXTERNAL SOURCES:
  Flutter:
    :path: Flutter
  flutter_flipperkit:
    :path: ".symlinks/plugins/flutter_flipperkit/ios"

SPEC CHECKSUMS:
  boost-for-react-native: 39c7adb57c4e60d6c5479dd8623128eb5b3f0f2c
  CocoaAsyncSocket: 694058e7c0ed05a9e217d1b3c7ded962f4180845
  CocoaLibEvent: 2fab71b8bd46dd33ddb959f7928ec5909f838e3f
  ComponentKit: c34da1ab3515cf18db68a4ba22c6599568d1de74
  Flipper: 7a86ab09a81b0999bced1930358a9cfe2262e66d
  Flipper-DoubleConversion: 38631e41ef4f9b12861c67d17cb5518d06badc41
  Flipper-Folly: 2de3d03e0acc7064d5e4ed9f730e2f217486f162
  Flipper-Glog: 1dfd6abf1e922806c52ceb8701a3599a79a200a6
  Flipper-PeerTalk: 116d8f857dc6ef55c7a5a75ea3ceaafe878aadc9
  Flipper-RSocket: 1260a31c05c238eabfa9bb8a64e3983049048371
  FlipperKit: 6339bfd4fe581745af9ef79b4258d8f47cb89f96
  Flutter: 0e3d915762c693b495b44d77113d4970485de6ec
  flutter_flipperkit: 59473a7e4b210543063cd5cf8f684ab706dceb81
  OpenSSL-Universal: 8b48cc0d10c1b2923617dfe5c178aa9ed2689355
  RenderCore: d779c47622b313ce2d51bb36d084517af38b0dc1
  Yoga: cff67a400f6b74dc38eb0bad4f156673d9aa980c
  YogaKit: f782866e155069a2cca2517aafea43200b01fd5a

PODFILE CHECKSUM: 4b3d6bd2defbefa3ea8c1ccfb62f815a02c99993

COCOAPODS: 1.9.1
